
Microsoft Visual Studio Solution File, Format Version 12.00
# Visual Studio Version 17
VisualStudioVersion = 17.11.35312.102
MinimumVisualStudioVersion = 10.0.40219.1
Project("{2150E333-8FDC-42A3-9474-1A3956D46DE8}") = "01 CandidateFinder.API", "01 CandidateFinder.API", "{60FACD38-AA98-4B5F-8D0F-67995CB59875}"
EndProject
Project("{2150E333-8FDC-42A3-9474-1A3956D46DE8}") = "API", "API", "{B81D3C17-0487-4EB0-894B-734571F9CDD4}"
EndProject
Project("{2150E333-8FDC-42A3-9474-1A3956D46DE8}") = "Data", "Data", "{BE6F3336-CD5D-4656-8CE6-C01A9A8535F5}"
EndProject
Project("{2150E333-8FDC-42A3-9474-1A3956D46DE8}") = "Models", "Models", "{B4323F1A-BB46-4136-84FF-040345085BEE}"
EndProject
Project("{2150E333-8FDC-42A3-9474-1A3956D46DE8}") = "MediatRService", "MediatRService", "{4E48BBB0-0CB3-44D6-8017-77097A6206C0}"
EndProject
Project("{2150E333-8FDC-42A3-9474-1A3956D46DE8}") = "Test", "Test", "{61FAFE62-0EEA-4E66-8494-B7BF5E774198}"
EndProject
Project("{FAE04EC0-301F-11D3-BF4B-00C04F79EFBC}") = "CandidateFinder.API", "CandidateFinder.API\CandidateFinder.API.csproj", "{E76CA62B-01DC-4CAD-912F-C97859EA7DAD}"
EndProject
Project("{FAE04EC0-301F-11D3-BF4B-00C04F79EFBC}") = "CandidateFinder.Data", "CandidateFinder.Data\CandidateFinder.Data.csproj", "{D515D68E-EF05-4220-8018-C00A3A123085}"
EndProject
Project("{FAE04EC0-301F-11D3-BF4B-00C04F79EFBC}") = "CandidateFinder.MediatRService", "CandidateFinder.MediatRService\CandidateFinder.MediatRService.csproj", "{D07CC7EE-0DD8-4F7D-8BF5-404263D5E079}"
EndProject
Project("{FAE04EC0-301F-11D3-BF4B-00C04F79EFBC}") = "CandidateFinder.Models", "CandidateFinder.Models\CandidateFinder.Models.csproj", "{796943FA-F683-40E3-8B90-89C78F3F4C3A}"
EndProject
Global
	GlobalSection(SolutionConfigurationPlatforms) = preSolution
		Debug|Any CPU = Debug|Any CPU
		Release|Any CPU = Release|Any CPU
	EndGlobalSection
	GlobalSection(ProjectConfigurationPlatforms) = postSolution
		{E76CA62B-01DC-4CAD-912F-C97859EA7DAD}.Debug|Any CPU.ActiveCfg = Debug|Any CPU
		{E76CA62B-01DC-4CAD-912F-C97859EA7DAD}.Debug|Any CPU.Build.0 = Debug|Any CPU
		{E76CA62B-01DC-4CAD-912F-C97859EA7DAD}.Release|Any CPU.ActiveCfg = Release|Any CPU
		{E76CA62B-01DC-4CAD-912F-C97859EA7DAD}.Release|Any CPU.Build.0 = Release|Any CPU
		{D515D68E-EF05-4220-8018-C00A3A123085}.Debug|Any CPU.ActiveCfg = Debug|Any CPU
		{D515D68E-EF05-4220-8018-C00A3A123085}.Debug|Any CPU.Build.0 = Debug|Any CPU
		{D515D68E-EF05-4220-8018-C00A3A123085}.Release|Any CPU.ActiveCfg = Release|Any CPU
		{D515D68E-EF05-4220-8018-C00A3A123085}.Release|Any CPU.Build.0 = Release|Any CPU
		{D07CC7EE-0DD8-4F7D-8BF5-404263D5E079}.Debug|Any CPU.ActiveCfg = Debug|Any CPU
		{D07CC7EE-0DD8-4F7D-8BF5-404263D5E079}.Debug|Any CPU.Build.0 = Debug|Any CPU
		{D07CC7EE-0DD8-4F7D-8BF5-404263D5E079}.Release|Any CPU.ActiveCfg = Release|Any CPU
		{D07CC7EE-0DD8-4F7D-8BF5-404263D5E079}.Release|Any CPU.Build.0 = Release|Any CPU
		{796943FA-F683-40E3-8B90-89C78F3F4C3A}.Debug|Any CPU.ActiveCfg = Debug|Any CPU
		{796943FA-F683-40E3-8B90-89C78F3F4C3A}.Debug|Any CPU.Build.0 = Debug|Any CPU
		{796943FA-F683-40E3-8B90-89C78F3F4C3A}.Release|Any CPU.ActiveCfg = Release|Any CPU
		{796943FA-F683-40E3-8B90-89C78F3F4C3A}.Release|Any CPU.Build.0 = Release|Any CPU
	EndGlobalSection
	GlobalSection(SolutionProperties) = preSolution
		HideSolutionNode = FALSE
	EndGlobalSection
	GlobalSection(NestedProjects) = preSolution
		{B81D3C17-0487-4EB0-894B-734571F9CDD4} = {60FACD38-AA98-4B5F-8D0F-67995CB59875}
		{BE6F3336-CD5D-4656-8CE6-C01A9A8535F5} = {60FACD38-AA98-4B5F-8D0F-67995CB59875}
		{B4323F1A-BB46-4136-84FF-040345085BEE} = {60FACD38-AA98-4B5F-8D0F-67995CB59875}
		{4E48BBB0-0CB3-44D6-8017-77097A6206C0} = {60FACD38-AA98-4B5F-8D0F-67995CB59875}
		{61FAFE62-0EEA-4E66-8494-B7BF5E774198} = {60FACD38-AA98-4B5F-8D0F-67995CB59875}
		{E76CA62B-01DC-4CAD-912F-C97859EA7DAD} = {B81D3C17-0487-4EB0-894B-734571F9CDD4}
		{D515D68E-EF05-4220-8018-C00A3A123085} = {BE6F3336-CD5D-4656-8CE6-C01A9A8535F5}
		{D07CC7EE-0DD8-4F7D-8BF5-404263D5E079} = {4E48BBB0-0CB3-44D6-8017-77097A6206C0}
		{796943FA-F683-40E3-8B90-89C78F3F4C3A} = {B4323F1A-BB46-4136-84FF-040345085BEE}
	EndGlobalSection
	GlobalSection(ExtensibilityGlobals) = postSolution
		SolutionGuid = {2FF36275-CA36-43A0-8FE3-149971C044B8}
	EndGlobalSection
EndGlobal
